
Microsoft Visual Studio Solution File, Format Version 12.00
# Visual Studio Version 17
VisualStudioVersion = 17.4.33103.184
MinimumVisualStudioVersion = 10.0.40219.1
Project("{FAE04EC0-301F-11D3-BF4B-00C04F79EFBC}") = "WindowsFormscalculette", "WindowsFormscalculette\WindowsFormscalculette.csproj", "{ADE9882E-7F5A-49A0-8483-E965A45555AA}"
EndProject
Global
	GlobalSection(SolutionConfigurationPlatforms) = preSolution
		Debug|Any CPU = Debug|Any CPU
		Release|Any CPU = Release|Any CPU
	EndGlobalSection
	GlobalSection(ProjectConfigurationPlatforms) = postSolution
		{ADE9882E-7F5A-49A0-8483-E965A45555AA}.Debug|Any CPU.ActiveCfg = Debug|Any CPU
		{ADE9882E-7F5A-49A0-8483-E965A45555AA}.Debug|Any CPU.Build.0 = Debug|Any CPU
		{ADE9882E-7F5A-49A0-8483-E965A45555AA}.Release|Any CPU.ActiveCfg = Release|Any CPU
		{ADE9882E-7F5A-49A0-8483-E965A45555AA}.Release|Any CPU.Build.0 = Release|Any CPU
	EndGlobalSection
	GlobalSection(SolutionProperties) = preSolution
		HideSolutionNode = FALSE
	EndGlobalSection
	GlobalSection(ExtensibilityGlobals) = postSolution
		SolutionGuid = {99D4F279-9440-4852-9449-55723BAABE91}
	EndGlobalSection
EndGlobal
